
Microsoft Visual Studio Solution File, Format Version 12.00
# Visual Studio Version 17
VisualStudioVersion = 17.9.34728.123
MinimumVisualStudioVersion = 10.0.40219.1
Project("{FAE04EC0-301F-11D3-BF4B-00C04F79EFBC}") = "trabajo intento 3", "trabajo intento 3\trabajo intento 3.csproj", "{A8E70B57-1C88-4331-B7BA-CECA274A0A50}"
EndProject
Global
	GlobalSection(SolutionConfigurationPlatforms) = preSolution
		Debug|Any CPU = Debug|Any CPU
		Release|Any CPU = Release|Any CPU
	EndGlobalSection
	GlobalSection(ProjectConfigurationPlatforms) = postSolution
		{A8E70B57-1C88-4331-B7BA-CECA274A0A50}.Debug|Any CPU.ActiveCfg = Debug|Any CPU
		{A8E70B57-1C88-4331-B7BA-CECA274A0A50}.Debug|Any CPU.Build.0 = Debug|Any CPU
		{A8E70B57-1C88-4331-B7BA-CECA274A0A50}.Release|Any CPU.ActiveCfg = Release|Any CPU
		{A8E70B57-1C88-4331-B7BA-CECA274A0A50}.Release|Any CPU.Build.0 = Release|Any CPU
	EndGlobalSection
	GlobalSection(SolutionProperties) = preSolution
		HideSolutionNode = FALSE
	EndGlobalSection
	GlobalSection(ExtensibilityGlobals) = postSolution
		SolutionGuid = {1C924453-042A-437C-8148-CE6ED4F3E340}
	EndGlobalSection
EndGlobal
